{
  "name": "ver4",
  "version": "1.0.0",
  "lockfileVersion": 3,
  "requires": true,
  "packages": {
    "": {
      "name": "ver4",
      "version": "1.0.0",
      "license": "ISC",
      "dependencies": {
        "filereader": "^1.2.0"
      }
    },
    "node_modules/filereader": {
      "version": "1.2.0",
      "resolved": "http://127.0.0.1:4873/filereader/-/filereader-1.2.0.tgz",
      "integrity": "sha512-vkQLPMVM6ecXzIHrXQxlfTe9/xCKrapUuZC1OszEnO64oKugrkli1HkBoLlO6ysMkNJW7SQ0V1/jNR3+hXKkxw==",
      "license": "ISC"
    }
  }
}
